
Microsoft Visual Studio Solution File, Format Version 12.00
# Visual Studio Version 16
VisualStudioVersion = 16.0.31729.503
MinimumVisualStudioVersion = 10.0.40219.1
Project("{FAE04EC0-301F-11D3-BF4B-00C04F79EFBC}") = "UsoFunciones", "UsoFunciones\UsoFunciones.csproj", "{5A9D3190-8829-49E2-AE6C-72CA4337FFD0}"
EndProject
Global
	GlobalSection(SolutionConfigurationPlatforms) = preSolution
		Debug|Any CPU = Debug|Any CPU
		Release|Any CPU = Release|Any CPU
	EndGlobalSection
	GlobalSection(ProjectConfigurationPlatforms) = postSolution
		{5A9D3190-8829-49E2-AE6C-72CA4337FFD0}.Debug|Any CPU.ActiveCfg = Debug|Any CPU
		{5A9D3190-8829-49E2-AE6C-72CA4337FFD0}.Debug|Any CPU.Build.0 = Debug|Any CPU
		{5A9D3190-8829-49E2-AE6C-72CA4337FFD0}.Release|Any CPU.ActiveCfg = Release|Any CPU
		{5A9D3190-8829-49E2-AE6C-72CA4337FFD0}.Release|Any CPU.Build.0 = Release|Any CPU
	EndGlobalSection
	GlobalSection(SolutionProperties) = preSolution
		HideSolutionNode = FALSE
	EndGlobalSection
	GlobalSection(ExtensibilityGlobals) = postSolution
		SolutionGuid = {42D13D15-879E-46D4-B480-963EA741E117}
	EndGlobalSection
EndGlobal
